
Microsoft Visual Studio Solution File, Format Version 12.00
# Visual Studio 15
VisualStudioVersion = 15.0.28307.852
MinimumVisualStudioVersion = 10.0.40219.1
Project("{FAE04EC0-301F-11D3-BF4B-00C04F79EFBC}") = "DemoDevOps", "DemoDevOps\DemoDevOps.csproj", "{380906B1-4ADD-4E7F-9188-DA8DA0A22281}"
EndProject
Global
	GlobalSection(SolutionConfigurationPlatforms) = preSolution
		Debug|Any CPU = Debug|Any CPU
		Release|Any CPU = Release|Any CPU
	EndGlobalSection
	GlobalSection(ProjectConfigurationPlatforms) = postSolution
		{380906B1-4ADD-4E7F-9188-DA8DA0A22281}.Debug|Any CPU.ActiveCfg = Debug|Any CPU
		{380906B1-4ADD-4E7F-9188-DA8DA0A22281}.Debug|Any CPU.Build.0 = Debug|Any CPU
		{380906B1-4ADD-4E7F-9188-DA8DA0A22281}.Release|Any CPU.ActiveCfg = Release|Any CPU
		{380906B1-4ADD-4E7F-9188-DA8DA0A22281}.Release|Any CPU.Build.0 = Release|Any CPU
	EndGlobalSection
	GlobalSection(SolutionProperties) = preSolution
		HideSolutionNode = FALSE
	EndGlobalSection
	GlobalSection(ExtensibilityGlobals) = postSolution
		SolutionGuid = {6E652D67-D6BC-4C7E-BD85-9E68DE9EFA51}
	EndGlobalSection
EndGlobal
