
Microsoft Visual Studio Solution File, Format Version 12.00
# Visual Studio 15
VisualStudioVersion = 15.0.28307.852
MinimumVisualStudioVersion = 10.0.40219.1
Project("{FAE04EC0-301F-11D3-BF4B-00C04F79EFBC}") = "RabbitMqDirectConsumer", "RabbitMqDirectConsumer\RabbitMqDirectConsumer.csproj", "{DADDC388-F2AC-4408-9E95-B00ACFF529FA}"
EndProject
Global
	GlobalSection(SolutionConfigurationPlatforms) = preSolution
		Debug|Any CPU = Debug|Any CPU
		Release|Any CPU = Release|Any CPU
	EndGlobalSection
	GlobalSection(ProjectConfigurationPlatforms) = postSolution
		{DADDC388-F2AC-4408-9E95-B00ACFF529FA}.Debug|Any CPU.ActiveCfg = Debug|Any CPU
		{DADDC388-F2AC-4408-9E95-B00ACFF529FA}.Debug|Any CPU.Build.0 = Debug|Any CPU
		{DADDC388-F2AC-4408-9E95-B00ACFF529FA}.Release|Any CPU.ActiveCfg = Release|Any CPU
		{DADDC388-F2AC-4408-9E95-B00ACFF529FA}.Release|Any CPU.Build.0 = Release|Any CPU
	EndGlobalSection
	GlobalSection(SolutionProperties) = preSolution
		HideSolutionNode = FALSE
	EndGlobalSection
	GlobalSection(ExtensibilityGlobals) = postSolution
		SolutionGuid = {6E9770B4-7D20-471F-B657-5C6E6914C2A3}
	EndGlobalSection
EndGlobal
